// !$*UTF8*$!
{
	archiveVersion = 1;
	classes = {
	};
	objectVersion = 46;
	objects = {

/* Begin PBXBuildFile section */
		B72F27521BC7910300F67170 /* MDAudioFile.m in Sources */ = {isa = PBXBuildFile; fileRef = B72F27511BC7910300F67170 /* MDAudioFile.m */; settings = {ASSET_TAGS = (); }; };
		B74555D41BB3D64C00963EBA /* SongsListViewController.m in Sources */ = {isa = PBXBuildFile; fileRef = B74555D31BB3D64C00963EBA /* SongsListViewController.m */; };
		B7695B1D1BB3CC4500493805 /* CustomPopUpController.m in Sources */ = {isa = PBXBuildFile; fileRef = B7695B1B1BB3CC4500493805 /* CustomPopUpController.m */; };
		B7695B1E1BB3CC4500493805 /* CustomPopUpController.xib in Resources */ = {isa = PBXBuildFile; fileRef = B7695B1C1BB3CC4500493805 /* CustomPopUpController.xib */; };
		B76D18791BB67BB70037742F /* repeat.png in Resources */ = {isa = PBXBuildFile; fileRef = B76D18781BB67BB70037742F /* repeat.png */; settings = {ASSET_TAGS = (); }; };
		B77A3E611BC255BD00455D91 /* AVFoundation.framework in Frameworks */ = {isa = PBXBuildFile; fileRef = B77A3E601BC255BD00455D91 /* AVFoundation.framework */; };
		B789F3C81BBBF48600250B61 /* repeat1.png in Resources */ = {isa = PBXBuildFile; fileRef = B789F3C71BBBF48600250B61 /* repeat1.png */; settings = {ASSET_TAGS = (); }; };
		B7B9C1B11BB9052D004C95B8 /* Stop.png in Resources */ = {isa = PBXBuildFile; fileRef = B7B9C1B01BB9052D004C95B8 /* Stop.png */; settings = {ASSET_TAGS = (); }; };
		B7B9C1B51BB90578004C95B8 /* Sufffle.png in Resources */ = {isa = PBXBuildFile; fileRef = B7B9C1B41BB90578004C95B8 /* Sufffle.png */; settings = {ASSET_TAGS = (); }; };
		B7B9C1B71BB905DF004C95B8 /* rep.png in Resources */ = {isa = PBXBuildFile; fileRef = B7B9C1B61BB905DF004C95B8 /* rep.png */; settings = {ASSET_TAGS = (); }; };
		B7C7D4391BB150A700131B51 /* main.m in Sources */ = {isa = PBXBuildFile; fileRef = B7C7D4381BB150A700131B51 /* main.m */; };
		B7C7D43C1BB150A700131B51 /* AppDelegate.m in Sources */ = {isa = PBXBuildFile; fileRef = B7C7D43B1BB150A700131B51 /* AppDelegate.m */; };
		B7C7D43F1BB150A700131B51 /* ViewController.m in Sources */ = {isa = PBXBuildFile; fileRef = B7C7D43E1BB150A700131B51 /* ViewController.m */; };
		B7C7D4421BB150A700131B51 /* Main.storyboard in Resources */ = {isa = PBXBuildFile; fileRef = B7C7D4401BB150A700131B51 /* Main.storyboard */; };
		B7C7D4441BB150A700131B51 /* Images.xcassets in Resources */ = {isa = PBXBuildFile; fileRef = B7C7D4431BB150A700131B51 /* Images.xcassets */; };
		B7C7D4471BB150A700131B51 /* LaunchScreen.xib in Resources */ = {isa = PBXBuildFile; fileRef = B7C7D4451BB150A700131B51 /* LaunchScreen.xib */; };
		B7C7D4531BB150A700131B51 /* MusicTests.m in Sources */ = {isa = PBXBuildFile; fileRef = B7C7D4521BB150A700131B51 /* MusicTests.m */; };
		B7C7D45D1BB150ED00131B51 /* MediaPlayer.framework in Frameworks */ = {isa = PBXBuildFile; fileRef = B7C7D45C1BB150ED00131B51 /* MediaPlayer.framework */; };
		B7C7D4601BB1563000131B51 /* SongsViewController.m in Sources */ = {isa = PBXBuildFile; fileRef = B7C7D45F1BB1563000131B51 /* SongsViewController.m */; };
		B7C7D4631BB15D7800131B51 /* AlbumsViewController.m in Sources */ = {isa = PBXBuildFile; fileRef = B7C7D4621BB15D7800131B51 /* AlbumsViewController.m */; };
		B7C7D4661BB15E8200131B51 /* No-artwork-albums.png in Resources */ = {isa = PBXBuildFile; fileRef = B7C7D4641BB15E8200131B51 /* No-artwork-albums.png */; };
		B7C7D4671BB15E8200131B51 /* No-artwork-albums@2x.png in Resources */ = {isa = PBXBuildFile; fileRef = B7C7D4651BB15E8200131B51 /* No-artwork-albums@2x.png */; };
		B7C7D46A1BB1678000131B51 /* AlbumViewController.m in Sources */ = {isa = PBXBuildFile; fileRef = B7C7D4691BB1678000131B51 /* AlbumViewController.m */; };
		B7C7D4901BB1748300131B51 /* Albums-tab-bar-icon.png in Resources */ = {isa = PBXBuildFile; fileRef = B7C7D46C1BB1748300131B51 /* Albums-tab-bar-icon.png */; };
		B7C7D4911BB1748300131B51 /* Albums-tab-bar-icon@2x.png in Resources */ = {isa = PBXBuildFile; fileRef = B7C7D46D1BB1748300131B51 /* Albums-tab-bar-icon@2x.png */; };
		B7C7D4921BB1748300131B51 /* Music-controls-background.png in Resources */ = {isa = PBXBuildFile; fileRef = B7C7D46E1BB1748300131B51 /* Music-controls-background.png */; };
		B7C7D4931BB1748300131B51 /* Music-controls-background@2x.png in Resources */ = {isa = PBXBuildFile; fileRef = B7C7D46F1BB1748300131B51 /* Music-controls-background@2x.png */; };
		B7C7D4941BB1748300131B51 /* Nav-bar-back-button-highlited.png in Resources */ = {isa = PBXBuildFile; fileRef = B7C7D4701BB1748300131B51 /* Nav-bar-back-button-highlited.png */; };
		B7C7D4951BB1748300131B51 /* Nav-bar-back-button-highlited@2x.png in Resources */ = {isa = PBXBuildFile; fileRef = B7C7D4711BB1748300131B51 /* Nav-bar-back-button-highlited@2x.png */; };
		B7C7D4961BB1748300131B51 /* Nav-bar-back-button.png in Resources */ = {isa = PBXBuildFile; fileRef = B7C7D4721BB1748300131B51 /* Nav-bar-back-button.png */; };
		B7C7D4971BB1748300131B51 /* Nav-bar-back-button@2x.png in Resources */ = {isa = PBXBuildFile; fileRef = B7C7D4731BB1748300131B51 /* Nav-bar-back-button@2x.png */; };
		B7C7D4981BB1748300131B51 /* Nav-button-highlited.png in Resources */ = {isa = PBXBuildFile; fileRef = B7C7D4741BB1748300131B51 /* Nav-button-highlited.png */; };
		B7C7D4991BB1748300131B51 /* Nav-button-highlited@2x.png in Resources */ = {isa = PBXBuildFile; fileRef = B7C7D4751BB1748300131B51 /* Nav-button-highlited@2x.png */; };
		B7C7D49A1BB1748300131B51 /* Nav-button.png in Resources */ = {isa = PBXBuildFile; fileRef = B7C7D4761BB1748300131B51 /* Nav-button.png */; };
		B7C7D49B1BB1748300131B51 /* Nav-button@2x.png in Resources */ = {isa = PBXBuildFile; fileRef = B7C7D4771BB1748300131B51 /* Nav-button@2x.png */; };
		B7C7D49C1BB1748300131B51 /* Navigation-bar.png in Resources */ = {isa = PBXBuildFile; fileRef = B7C7D4781BB1748300131B51 /* Navigation-bar.png */; };
		B7C7D49D1BB1748300131B51 /* Navigation-bar@2x.png in Resources */ = {isa = PBXBuildFile; fileRef = B7C7D4791BB1748300131B51 /* Navigation-bar@2x.png */; };
		B7C7D49E1BB1748300131B51 /* Next-icon.png in Resources */ = {isa = PBXBuildFile; fileRef = B7C7D47A1BB1748300131B51 /* Next-icon.png */; };
		B7C7D49F1BB1748300131B51 /* Next-icon@2x.png in Resources */ = {isa = PBXBuildFile; fileRef = B7C7D47B1BB1748300131B51 /* Next-icon@2x.png */; };
		B7C7D4A01BB1748300131B51 /* No-artwork.png in Resources */ = {isa = PBXBuildFile; fileRef = B7C7D47C1BB1748300131B51 /* No-artwork.png */; };
		B7C7D4A11BB1748300131B51 /* No-artwork@2x.png in Resources */ = {isa = PBXBuildFile; fileRef = B7C7D47D1BB1748300131B51 /* No-artwork@2x.png */; };
		B7C7D4A21BB1748300131B51 /* Pause-icon.png in Resources */ = {isa = PBXBuildFile; fileRef = B7C7D47E1BB1748300131B51 /* Pause-icon.png */; };
		B7C7D4A31BB1748300131B51 /* Pause-icon@2x.png in Resources */ = {isa = PBXBuildFile; fileRef = B7C7D47F1BB1748300131B51 /* Pause-icon@2x.png */; };
		B7C7D4A41BB1748300131B51 /* Play-icon.png in Resources */ = {isa = PBXBuildFile; fileRef = B7C7D4801BB1748300131B51 /* Play-icon.png */; };
		B7C7D4A51BB1748300131B51 /* Play-icon@2x.png in Resources */ = {isa = PBXBuildFile; fileRef = B7C7D4811BB1748300131B51 /* Play-icon@2x.png */; };
		B7C7D4A61BB1748300131B51 /* Previous-icon.png in Resources */ = {isa = PBXBuildFile; fileRef = B7C7D4821BB1748300131B51 /* Previous-icon.png */; };
		B7C7D4A71BB1748300131B51 /* Previous-icon@2x.png in Resources */ = {isa = PBXBuildFile; fileRef = B7C7D4831BB1748300131B51 /* Previous-icon@2x.png */; };
		B7C7D4A81BB1748300131B51 /* Songs-tab-bar-icon.png in Resources */ = {isa = PBXBuildFile; fileRef = B7C7D4841BB1748300131B51 /* Songs-tab-bar-icon.png */; };
		B7C7D4A91BB1748300131B51 /* Songs-tab-bar-icon@2x.png in Resources */ = {isa = PBXBuildFile; fileRef = B7C7D4851BB1748300131B51 /* Songs-tab-bar-icon@2x.png */; };
		B7C7D4AA1BB1748300131B51 /* Tab-bar-selected.png in Resources */ = {isa = PBXBuildFile; fileRef = B7C7D4861BB1748300131B51 /* Tab-bar-selected.png */; };
		B7C7D4AB1BB1748300131B51 /* Tab-bar-selected@2x.png in Resources */ = {isa = PBXBuildFile; fileRef = B7C7D4871BB1748300131B51 /* Tab-bar-selected@2x.png */; };
		B7C7D4AC1BB1748300131B51 /* Tab-bar.png in Resources */ = {isa = PBXBuildFile; fileRef = B7C7D4881BB1748300131B51 /* Tab-bar.png */; };
		B7C7D4AD1BB1748300131B51 /* Tab-bar@2x.png in Resources */ = {isa = PBXBuildFile; fileRef = B7C7D4891BB1748300131B51 /* Tab-bar@2x.png */; };
		B7C7D4AE1BB1748300131B51 /* Table-view-album-background.png in Resources */ = {isa = PBXBuildFile; fileRef = B7C7D48A1BB1748300131B51 /* Table-view-album-background.png */; };
		B7C7D4AF1BB1748300131B51 /* Table-view-album-background@2x.png in Resources */ = {isa = PBXBuildFile; fileRef = B7C7D48B1BB1748300131B51 /* Table-view-album-background@2x.png */; };
		B7C7D4B01BB1748300131B51 /* Table-view-background.png in Resources */ = {isa = PBXBuildFile; fileRef = B7C7D48C1BB1748300131B51 /* Table-view-background.png */; };
		B7C7D4B11BB1748300131B51 /* Table-view-background@2x.png in Resources */ = {isa = PBXBuildFile; fileRef = B7C7D48D1BB1748300131B51 /* Table-view-background@2x.png */; };
		B7C7D4B21BB1748300131B51 /* Table-view-selected-background.png in Resources */ = {isa = PBXBuildFile; fileRef = B7C7D48E1BB1748300131B51 /* Table-view-selected-background.png */; };
		B7C7D4B31BB1748300131B51 /* Table-view-selected-background@2x.png in Resources */ = {isa = PBXBuildFile; fileRef = B7C7D48F1BB1748300131B51 /* Table-view-selected-background@2x.png */; };
		B7CAD1B61BC2B98E00A438E9 /* Songs in Resources */ = {isa = PBXBuildFile; fileRef = B7CAD1B51BC2B98E00A438E9 /* Songs */; settings = {ASSET_TAGS = (); }; };
		B7E1C1591BB5548D00570343 /* back.png in Resources */ = {isa = PBXBuildFile; fileRef = B7E1C1361BB5548D00570343 /* back.png */; };
		B7E1C15A1BB5548D00570343 /* chat_add_song.png in Resources */ = {isa = PBXBuildFile; fileRef = B7E1C1371BB5548D00570343 /* chat_add_song.png */; };
		B7E1C15B1BB5548D00570343 /* chat_player_pause.png in Resources */ = {isa = PBXBuildFile; fileRef = B7E1C1381BB5548D00570343 /* chat_player_pause.png */; };
		B7E1C15C1BB5548D00570343 /* chat_player_play.png in Resources */ = {isa = PBXBuildFile; fileRef = B7E1C1391BB5548D00570343 /* chat_player_play.png */; };
		B7E1C15D1BB5548D00570343 /* edit.png in Resources */ = {isa = PBXBuildFile; fileRef = B7E1C13A1BB5548D00570343 /* edit.png */; };
		B7E1C15E1BB5548D00570343 /* edit_profile_image.png in Resources */ = {isa = PBXBuildFile; fileRef = B7E1C13B1BB5548D00570343 /* edit_profile_image.png */; };
		B7E1C15F1BB5548D00570343 /* emotion.png in Resources */ = {isa = PBXBuildFile; fileRef = B7E1C13C1BB5548D00570343 /* emotion.png */; };
		B7E1C1601BB5548D00570343 /* help.png in Resources */ = {isa = PBXBuildFile; fileRef = B7E1C13D1BB5548D00570343 /* help.png */; };
		B7E1C1611BB5548D00570343 /* i6^cimgpsh_orig_selector.png in Resources */ = {isa = PBXBuildFile; fileRef = B7E1C13E1BB5548D00570343 /* i6^cimgpsh_orig_selector.png */; };
		B7E1C1621BB5548D00570343 /* logo.png in Resources */ = {isa = PBXBuildFile; fileRef = B7E1C13F1BB5548D00570343 /* logo.png */; };
		B7E1C1631BB5548D00570343 /* more.png in Resources */ = {isa = PBXBuildFile; fileRef = B7E1C1401BB5548D00570343 /* more.png */; };
		B7E1C1641BB5548D00570343 /* more_selector.png in Resources */ = {isa = PBXBuildFile; fileRef = B7E1C1411BB5548D00570343 /* more_selector.png */; };
		B7E1C1651BB5548D00570343 /* next.png in Resources */ = {isa = PBXBuildFile; fileRef = B7E1C1421BB5548D00570343 /* next.png */; };
		B7E1C1661BB5548D00570343 /* next_selector.png in Resources */ = {isa = PBXBuildFile; fileRef = B7E1C1431BB5548D00570343 /* next_selector.png */; };
		B7E1C1671BB5548D00570343 /* notification.png in Resources */ = {isa = PBXBuildFile; fileRef = B7E1C1441BB5548D00570343 /* notification.png */; };
		B7E1C1681BB5548D00570343 /* pause.png in Resources */ = {isa = PBXBuildFile; fileRef = B7E1C1451BB5548D00570343 /* pause.png */; };
		B7E1C1691BB5548D00570343 /* play.png in Resources */ = {isa = PBXBuildFile; fileRef = B7E1C1461BB5548D00570343 /* play.png */; };
		B7E1C16A1BB5548D00570343 /* player_next.png in Resources */ = {isa = PBXBuildFile; fileRef = B7E1C1471BB5548D00570343 /* player_next.png */; };
		B7E1C16B1BB5548D00570343 /* player_next_selector.png in Resources */ = {isa = PBXBuildFile; fileRef = B7E1C1481BB5548D00570343 /* player_next_selector.png */; };
		B7E1C16C1BB5548D00570343 /* player_pause.png in Resources */ = {isa = PBXBuildFile; fileRef = B7E1C1491BB5548D00570343 /* player_pause.png */; };
		B7E1C16D1BB5548D00570343 /* player_play.png in Resources */ = {isa = PBXBuildFile; fileRef = B7E1C14A1BB5548D00570343 /* player_play.png */; };
		B7E1C16E1BB5548D00570343 /* player_prev.png in Resources */ = {isa = PBXBuildFile; fileRef = B7E1C14B1BB5548D00570343 /* player_prev.png */; };
		B7E1C16F1BB5548D00570343 /* player_prev_selector.png in Resources */ = {isa = PBXBuildFile; fileRef = B7E1C14C1BB5548D00570343 /* player_prev_selector.png */; };
		B7E1C1701BB5548D00570343 /* playlist.png in Resources */ = {isa = PBXBuildFile; fileRef = B7E1C14D1BB5548D00570343 /* playlist.png */; };
		B7E1C1711BB5548D00570343 /* playlist_selector.png in Resources */ = {isa = PBXBuildFile; fileRef = B7E1C14E1BB5548D00570343 /* playlist_selector.png */; };
		B7E1C1721BB5548D00570343 /* prev.png in Resources */ = {isa = PBXBuildFile; fileRef = B7E1C14F1BB5548D00570343 /* prev.png */; };
		B7E1C1731BB5548D00570343 /* prev_selctor.png in Resources */ = {isa = PBXBuildFile; fileRef = B7E1C1501BB5548D00570343 /* prev_selctor.png */; };
		B7E1C1741BB5548D00570343 /* search.png in Resources */ = {isa = PBXBuildFile; fileRef = B7E1C1511BB5548D00570343 /* search.png */; };
		B7E1C1751BB5548D00570343 /* songs.png in Resources */ = {isa = PBXBuildFile; fileRef = B7E1C1521BB5548D00570343 /* songs.png */; };
		B7E1C1761BB5548D00570343 /* songs_selector.png in Resources */ = {isa = PBXBuildFile; fileRef = B7E1C1531BB5548D00570343 /* songs_selector.png */; };
		B7E1C1771BB5548D00570343 /* speech_to_text.png in Resources */ = {isa = PBXBuildFile; fileRef = B7E1C1541BB5548D00570343 /* speech_to_text.png */; };
		B7E1C1781BB5548D00570343 /* swipe_circle.png in Resources */ = {isa = PBXBuildFile; fileRef = B7E1C1551BB5548D00570343 /* swipe_circle.png */; };
		B7E1C1791BB5548D00570343 /* to_send.png in Resources */ = {isa = PBXBuildFile; fileRef = B7E1C1561BB5548D00570343 /* to_send.png */; };
		B7E1C17A1BB5548D00570343 /* user.png in Resources */ = {isa = PBXBuildFile; fileRef = B7E1C1571BB5548D00570343 /* user.png */; };
		B7E1C17B1BB5548D00570343 /* user_selector.png in Resources */ = {isa = PBXBuildFile; fileRef = B7E1C1581BB5548D00570343 /* user_selector.png */; };
		B7E69A4D1BB3FA3A002BC9C3 /* MediaPlayer.m in Sources */ = {isa = PBXBuildFile; fileRef = B7E69A4C1BB3FA3A002BC9C3 /* MediaPlayer.m */; };
/* End PBXBuildFile section */

/* Begin PBXContainerItemProxy section */
		B7C7D44D1BB150A700131B51 /* PBXContainerItemProxy */ = {
			isa = PBXContainerItemProxy;
			containerPortal = B7C7D42B1BB150A700131B51 /* Project object */;
			proxyType = 1;
			remoteGlobalIDString = B7C7D4321BB150A700131B51;
			remoteInfo = Music;
		};
/* End PBXContainerItemProxy section */

/* Begin PBXFileReference section */
		B72F27501BC7910300F67170 /* MDAudioFile.h */ = {isa = PBXFileReference; fileEncoding = 4; lastKnownFileType = sourcecode.c.h; path = MDAudioFile.h; sourceTree = "<group>"; };
		B72F27511BC7910300F67170 /* MDAudioFile.m */ = {isa = PBXFileReference; fileEncoding = 4; lastKnownFileType = sourcecode.c.objc; path = MDAudioFile.m; sourceTree = "<group>"; };
		B74555D21BB3D64C00963EBA /* SongsListViewController.h */ = {isa = PBXFileReference; fileEncoding = 4; lastKnownFileType = sourcecode.c.h; path = SongsListViewController.h; sourceTree = "<group>"; };
		B74555D31BB3D64C00963EBA /* SongsListViewController.m */ = {isa = PBXFileReference; fileEncoding = 4; lastKnownFileType = sourcecode.c.objc; lineEnding = 0; path = SongsListViewController.m; sourceTree = "<group>"; usesTabs = 0; };
		B7695B1A1BB3CC4500493805 /* CustomPopUpController.h */ = {isa = PBXFileReference; fileEncoding = 4; lastKnownFileType = sourcecode.c.h; path = CustomPopUpController.h; sourceTree = "<group>"; };
		B7695B1B1BB3CC4500493805 /* CustomPopUpController.m */ = {isa = PBXFileReference; fileEncoding = 4; lastKnownFileType = sourcecode.c.objc; path = CustomPopUpController.m; sourceTree = "<group>"; };
		B7695B1C1BB3CC4500493805 /* CustomPopUpController.xib */ = {isa = PBXFileReference; fileEncoding = 4; lastKnownFileType = file.xib; path = CustomPopUpController.xib; sourceTree = "<group>"; };
		B76D18781BB67BB70037742F /* repeat.png */ = {isa = PBXFileReference; lastKnownFileType = image.png; path = repeat.png; sourceTree = "<group>"; };
		B76D187B1BB67EFD0037742F /* Music.profdata */ = {isa = PBXFileReference; lastKnownFileType = file; path = Music.profdata; sourceTree = "<group>"; };
		B77A3E601BC255BD00455D91 /* AVFoundation.framework */ = {isa = PBXFileReference; lastKnownFileType = wrapper.framework; name = AVFoundation.framework; path = System/Library/Frameworks/AVFoundation.framework; sourceTree = SDKROOT; };
		B789F3C71BBBF48600250B61 /* repeat1.png */ = {isa = PBXFileReference; lastKnownFileType = image.png; path = repeat1.png; sourceTree = "<group>"; };
		B7B9C1B01BB9052D004C95B8 /* Stop.png */ = {isa = PBXFileReference; lastKnownFileType = image.png; path = Stop.png; sourceTree = "<group>"; };
		B7B9C1B41BB90578004C95B8 /* Sufffle.png */ = {isa = PBXFileReference; lastKnownFileType = image.png; path = Sufffle.png; sourceTree = "<group>"; };
		B7B9C1B61BB905DF004C95B8 /* rep.png */ = {isa = PBXFileReference; lastKnownFileType = image.png; path = rep.png; sourceTree = "<group>"; };
		B7C7D4331BB150A700131B51 /* Music.app */ = {isa = PBXFileReference; explicitFileType = wrapper.application; includeInIndex = 0; path = Music.app; sourceTree = BUILT_PRODUCTS_DIR; };
		B7C7D4371BB150A700131B51 /* Info.plist */ = {isa = PBXFileReference; lastKnownFileType = text.plist.xml; path = Info.plist; sourceTree = "<group>"; };
		B7C7D4381BB150A700131B51 /* main.m */ = {isa = PBXFileReference; lastKnownFileType = sourcecode.c.objc; path = main.m; sourceTree = "<group>"; };
		B7C7D43A1BB150A700131B51 /* AppDelegate.h */ = {isa = PBXFileReference; lastKnownFileType = sourcecode.c.h; path = AppDelegate.h; sourceTree = "<group>"; };
		B7C7D43B1BB150A700131B51 /* AppDelegate.m */ = {isa = PBXFileReference; lastKnownFileType = sourcecode.c.objc; path = AppDelegate.m; sourceTree = "<group>"; };
		B7C7D43D1BB150A700131B51 /* ViewController.h */ = {isa = PBXFileReference; lastKnownFileType = sourcecode.c.h; path = ViewController.h; sourceTree = "<group>"; };
		B7C7D43E1BB150A700131B51 /* ViewController.m */ = {isa = PBXFileReference; lastKnownFileType = sourcecode.c.objc; path = ViewController.m; sourceTree = "<group>"; };
		B7C7D4411BB150A700131B51 /* Base */ = {isa = PBXFileReference; lastKnownFileType = file.storyboard; name = Base; path = Base.lproj/Main.storyboard; sourceTree = "<group>"; };
		B7C7D4431BB150A700131B51 /* Images.xcassets */ = {isa = PBXFileReference; lastKnownFileType = folder.assetcatalog; path = Images.xcassets; sourceTree = "<group>"; };
		B7C7D4461BB150A700131B51 /* Base */ = {isa = PBXFileReference; lastKnownFileType = file.xib; name = Base; path = Base.lproj/LaunchScreen.xib; sourceTree = "<group>"; };
		B7C7D44C1BB150A700131B51 /* MusicTests.xctest */ = {isa = PBXFileReference; explicitFileType = wrapper.cfbundle; includeInIndex = 0; path = MusicTests.xctest; sourceTree = BUILT_PRODUCTS_DIR; };
		B7C7D4511BB150A700131B51 /* Info.plist */ = {isa = PBXFileReference; lastKnownFileType = text.plist.xml; path = Info.plist; sourceTree = "<group>"; };
		B7C7D4521BB150A700131B51 /* MusicTests.m */ = {isa = PBXFileReference; lastKnownFileType = sourcecode.c.objc; path = MusicTests.m; sourceTree = "<group>"; };
		B7C7D45C1BB150ED00131B51 /* MediaPlayer.framework */ = {isa = PBXFileReference; lastKnownFileType = wrapper.framework; name = MediaPlayer.framework; path = System/Library/Frameworks/MediaPlayer.framework; sourceTree = SDKROOT; };
		B7C7D45E1BB1563000131B51 /* SongsViewController.h */ = {isa = PBXFileReference; fileEncoding = 4; lastKnownFileType = sourcecode.c.h; path = SongsViewController.h; sourceTree = "<group>"; };
		B7C7D45F1BB1563000131B51 /* SongsViewController.m */ = {isa = PBXFileReference; fileEncoding = 4; lastKnownFileType = sourcecode.c.objc; path = SongsViewController.m; sourceTree = "<group>"; };
		B7C7D4611BB15D7800131B51 /* AlbumsViewController.h */ = {isa = PBXFileReference; fileEncoding = 4; lastKnownFileType = sourcecode.c.h; path = AlbumsViewController.h; sourceTree = "<group>"; };
		B7C7D4621BB15D7800131B51 /* AlbumsViewController.m */ = {isa = PBXFileReference; fileEncoding = 4; lastKnownFileType = sourcecode.c.objc; path = AlbumsViewController.m; sourceTree = "<group>"; };
		B7C7D4641BB15E8200131B51 /* No-artwork-albums.png */ = {isa = PBXFileReference; lastKnownFileType = image.png; path = "No-artwork-albums.png"; sourceTree = "<group>"; };
		B7C7D4651BB15E8200131B51 /* No-artwork-albums@2x.png */ = {isa = PBXFileReference; lastKnownFileType = image.png; path = "No-artwork-albums@2x.png"; sourceTree = "<group>"; };
		B7C7D4681BB1678000131B51 /* AlbumViewController.h */ = {isa = PBXFileReference; fileEncoding = 4; lastKnownFileType = sourcecode.c.h; path = AlbumViewController.h; sourceTree = "<group>"; };
		B7C7D4691BB1678000131B51 /* AlbumViewController.m */ = {isa = PBXFileReference; fileEncoding = 4; lastKnownFileType = sourcecode.c.objc; path = AlbumViewController.m; sourceTree = "<group>"; };
		B7C7D46C1BB1748300131B51 /* Albums-tab-bar-icon.png */ = {isa = PBXFileReference; lastKnownFileType = image.png; path = "Albums-tab-bar-icon.png"; sourceTree = "<group>"; };
		B7C7D46D1BB1748300131B51 /* Albums-tab-bar-icon@2x.png */ = {isa = PBXFileReference; lastKnownFileType = image.png; path = "Albums-tab-bar-icon@2x.png"; sourceTree = "<group>"; };
		B7C7D46E1BB1748300131B51 /* Music-controls-background.png */ = {isa = PBXFileReference; lastKnownFileType = image.png; path = "Music-controls-background.png"; sourceTree = "<group>"; };
		B7C7D46F1BB1748300131B51 /* Music-controls-background@2x.png */ = {isa = PBXFileReference; lastKnownFileType = image.png; path = "Music-controls-background@2x.png"; sourceTree = "<group>"; };
		B7C7D4701BB1748300131B51 /* Nav-bar-back-button-highlited.png */ = {isa = PBXFileReference; lastKnownFileType = image.png; path = "Nav-bar-back-button-highlited.png"; sourceTree = "<group>"; };
		B7C7D4711BB1748300131B51 /* Nav-bar-back-button-highlited@2x.png */ = {isa = PBXFileReference; lastKnownFileType = image.png; path = "Nav-bar-back-button-highlited@2x.png"; sourceTree = "<group>"; };
		B7C7D4721BB1748300131B51 /* Nav-bar-back-button.png */ = {isa = PBXFileReference; lastKnownFileType = image.png; path = "Nav-bar-back-button.png"; sourceTree = "<group>"; };
		B7C7D4731BB1748300131B51 /* Nav-bar-back-button@2x.png */ = {isa = PBXFileReference; lastKnownFileType = image.png; path = "Nav-bar-back-button@2x.png"; sourceTree = "<group>"; };
		B7C7D4741BB1748300131B51 /* Nav-button-highlited.png */ = {isa = PBXFileReference; lastKnownFileType = image.png; path = "Nav-button-highlited.png"; sourceTree = "<group>"; };
		B7C7D4751BB1748300131B51 /* Nav-button-highlited@2x.png */ = {isa = PBXFileReference; lastKnownFileType = image.png; path = "Nav-button-highlited@2x.png"; sourceTree = "<group>"; };
		B7C7D4761BB1748300131B51 /* Nav-button.png */ = {isa = PBXFileReference; lastKnownFileType = image.png; path = "Nav-button.png"; sourceTree = "<group>"; };
		B7C7D4771BB1748300131B51 /* Nav-button@2x.png */ = {isa = PBXFileReference; lastKnownFileType = image.png; path = "Nav-button@2x.png"; sourceTree = "<group>"; };
		B7C7D4781BB1748300131B51 /* Navigation-bar.png */ = {isa = PBXFileReference; lastKnownFileType = image.png; path = "Navigation-bar.png"; sourceTree = "<group>"; };
		B7C7D4791BB1748300131B51 /* Navigation-bar@2x.png */ = {isa = PBXFileReference; lastKnownFileType = image.png; path = "Navigation-bar@2x.png"; sourceTree = "<group>"; };
		B7C7D47A1BB1748300131B51 /* Next-icon.png */ = {isa = PBXFileReference; lastKnownFileType = image.png; path = "Next-icon.png"; sourceTree = "<group>"; };
		B7C7D47B1BB1748300131B51 /* Next-icon@2x.png */ = {isa = PBXFileReference; lastKnownFileType = image.png; path = "Next-icon@2x.png"; sourceTree = "<group>"; };
		B7C7D47C1BB1748300131B51 /* No-artwork.png */ = {isa = PBXFileReference; lastKnownFileType = image.png; path = "No-artwork.png"; sourceTree = "<group>"; };
		B7C7D47D1BB1748300131B51 /* No-artwork@2x.png */ = {isa = PBXFileReference; lastKnownFileType = image.png; path = "No-artwork@2x.png"; sourceTree = "<group>"; };
		B7C7D47E1BB1748300131B51 /* Pause-icon.png */ = {isa = PBXFileReference; lastKnownFileType = image.png; path = "Pause-icon.png"; sourceTree = "<group>"; };
		B7C7D47F1BB1748300131B51 /* Pause-icon@2x.png */ = {isa = PBXFileReference; lastKnownFileType = image.png; path = "Pause-icon@2x.png"; sourceTree = "<group>"; };
		B7C7D4801BB1748300131B51 /* Play-icon.png */ = {isa = PBXFileReference; lastKnownFileType = image.png; path = "Play-icon.png"; sourceTree = "<group>"; };
		B7C7D4811BB1748300131B51 /* Play-icon@2x.png */ = {isa = PBXFileReference; lastKnownFileType = image.png; path = "Play-icon@2x.png"; sourceTree = "<group>"; };
		B7C7D4821BB1748300131B51 /* Previous-icon.png */ = {isa = PBXFileReference; lastKnownFileType = image.png; path = "Previous-icon.png"; sourceTree = "<group>"; };
		B7C7D4831BB1748300131B51 /* Previous-icon@2x.png */ = {isa = PBXFileReference; lastKnownFileType = image.png; path = "Previous-icon@2x.png"; sourceTree = "<group>"; };
		B7C7D4841BB1748300131B51 /* Songs-tab-bar-icon.png */ = {isa = PBXFileReference; lastKnownFileType = image.png; path = "Songs-tab-bar-icon.png"; sourceTree = "<group>"; };
		B7C7D4851BB1748300131B51 /* Songs-tab-bar-icon@2x.png */ = {isa = PBXFileReference; lastKnownFileType = image.png; path = "Songs-tab-bar-icon@2x.png"; sourceTree = "<group>"; };
		B7C7D4861BB1748300131B51 /* Tab-bar-selected.png */ = {isa = PBXFileReference; lastKnownFileType = image.png; path = "Tab-bar-selected.png"; sourceTree = "<group>"; };
		B7C7D4871BB1748300131B51 /* Tab-bar-selected@2x.png */ = {isa = PBXFileReference; lastKnownFileType = image.png; path = "Tab-bar-selected@2x.png"; sourceTree = "<group>"; };
		B7C7D4881BB1748300131B51 /* Tab-bar.png */ = {isa = PBXFileReference; lastKnownFileType = image.png; path = "Tab-bar.png"; sourceTree = "<group>"; };
		B7C7D4891BB1748300131B51 /* Tab-bar@2x.png */ = {isa = PBXFileReference; lastKnownFileType = image.png; path = "Tab-bar@2x.png"; sourceTree = "<group>"; };
		B7C7D48A1BB1748300131B51 /* Table-view-album-background.png */ = {isa = PBXFileReference; lastKnownFileType = image.png; path = "Table-view-album-background.png"; sourceTree = "<group>"; };
		B7C7D48B1BB1748300131B51 /* Table-view-album-background@2x.png */ = {isa = PBXFileReference; lastKnownFileType = image.png; path = "Table-view-album-background@2x.png"; sourceTree = "<group>"; };
		B7C7D48C1BB1748300131B51 /* Table-view-background.png */ = {isa = PBXFileReference; lastKnownFileType = image.png; path = "Table-view-background.png"; sourceTree = "<group>"; };
		B7C7D48D1BB1748300131B51 /* Table-view-background@2x.png */ = {isa = PBXFileReference; lastKnownFileType = image.png; path = "Table-view-background@2x.png"; sourceTree = "<group>"; };
		B7C7D48E1BB1748300131B51 /* Table-view-selected-background.png */ = {isa = PBXFileReference; lastKnownFileType = image.png; path = "Table-view-selected-background.png"; sourceTree = "<group>"; };
		B7C7D48F1BB1748300131B51 /* Table-view-selected-background@2x.png */ = {isa = PBXFileReference; lastKnownFileType = image.png; path = "Table-view-selected-background@2x.png"; sourceTree = "<group>"; };
		B7CAD1B51BC2B98E00A438E9 /* Songs */ = {isa = PBXFileReference; lastKnownFileType = folder; path = Songs; sourceTree = "<group>"; };
		B7E1C1361BB5548D00570343 /* back.png */ = {isa = PBXFileReference; lastKnownFileType = image.png; path = back.png; sourceTree = "<group>"; };
		B7E1C1371BB5548D00570343 /* chat_add_song.png */ = {isa = PBXFileReference; lastKnownFileType = image.png; path = chat_add_song.png; sourceTree = "<group>"; };
		B7E1C1381BB5548D00570343 /* chat_player_pause.png */ = {isa = PBXFileReference; lastKnownFileType = image.png; path = chat_player_pause.png; sourceTree = "<group>"; };
		B7E1C1391BB5548D00570343 /* chat_player_play.png */ = {isa = PBXFileReference; lastKnownFileType = image.png; path = chat_player_play.png; sourceTree = "<group>"; };
		B7E1C13A1BB5548D00570343 /* edit.png */ = {isa = PBXFileReference; lastKnownFileType = image.png; path = edit.png; sourceTree = "<group>"; };
		B7E1C13B1BB5548D00570343 /* edit_profile_image.png */ = {isa = PBXFileReference; lastKnownFileType = image.png; path = edit_profile_image.png; sourceTree = "<group>"; };
		B7E1C13C1BB5548D00570343 /* emotion.png */ = {isa = PBXFileReference; lastKnownFileType = image.png; path = emotion.png; sourceTree = "<group>"; };
		B7E1C13D1BB5548D00570343 /* help.png */ = {isa = PBXFileReference; lastKnownFileType = image.png; path = help.png; sourceTree = "<group>"; };
		B7E1C13E1BB5548D00570343 /* i6^cimgpsh_orig_selector.png */ = {isa = PBXFileReference; lastKnownFileType = image.png; path = "i6^cimgpsh_orig_selector.png"; sourceTree = "<group>"; };
		B7E1C13F1BB5548D00570343 /* logo.png */ = {isa = PBXFileReference; lastKnownFileType = image.png; path = logo.png; sourceTree = "<group>"; };
		B7E1C1401BB5548D00570343 /* more.png */ = {isa = PBXFileReference; lastKnownFileType = image.png; path = more.png; sourceTree = "<group>"; };
		B7E1C1411BB5548D00570343 /* more_selector.png */ = {isa = PBXFileReference; lastKnownFileType = image.png; path = more_selector.png; sourceTree = "<group>"; };
		B7E1C1421BB5548D00570343 /* next.png */ = {isa = PBXFileReference; lastKnownFileType = image.png; path = next.png; sourceTree = "<group>"; };
		B7E1C1431BB5548D00570343 /* next_selector.png */ = {isa = PBXFileReference; lastKnownFileType = image.png; path = next_selector.png; sourceTree = "<group>"; };
		B7E1C1441BB5548D00570343 /* notification.png */ = {isa = PBXFileReference; lastKnownFileType = image.png; path = notification.png; sourceTree = "<group>"; };
		B7E1C1451BB5548D00570343 /* pause.png */ = {isa = PBXFileReference; lastKnownFileType = image.png; path = pause.png; sourceTree = "<group>"; };
		B7E1C1461BB5548D00570343 /* play.png */ = {isa = PBXFileReference; lastKnownFileType = image.png; path = play.png; sourceTree = "<group>"; };
		B7E1C1471BB5548D00570343 /* player_next.png */ = {isa = PBXFileReference; lastKnownFileType = image.png; path = player_next.png; sourceTree = "<group>"; };
		B7E1C1481BB5548D00570343 /* player_next_selector.png */ = {isa = PBXFileReference; lastKnownFileType = image.png; path = player_next_selector.png; sourceTree = "<group>"; };
		B7E1C1491BB5548D00570343 /* player_pause.png */ = {isa = PBXFileReference; lastKnownFileType = image.png; path = player_pause.png; sourceTree = "<group>"; };
		B7E1C14A1BB5548D00570343 /* player_play.png */ = {isa = PBXFileReference; lastKnownFileType = image.png; path = player_play.png; sourceTree = "<group>"; };
		B7E1C14B1BB5548D00570343 /* player_prev.png */ = {isa = PBXFileReference; lastKnownFileType = image.png; path = player_prev.png; sourceTree = "<group>"; };
		B7E1C14C1BB5548D00570343 /* player_prev_selector.png */ = {isa = PBXFileReference; lastKnownFileType = image.png; path = player_prev_selector.png; sourceTree = "<group>"; };
		B7E1C14D1BB5548D00570343 /* playlist.png */ = {isa = PBXFileReference; lastKnownFileType = image.png; path = playlist.png; sourceTree = "<group>"; };
		B7E1C14E1BB5548D00570343 /* playlist_selector.png */ = {isa = PBXFileReference; lastKnownFileType = image.png; path = playlist_selector.png; sourceTree = "<group>"; };
		B7E1C14F1BB5548D00570343 /* prev.png */ = {isa = PBXFileReference; lastKnownFileType = image.png; path = prev.png; sourceTree = "<group>"; };
		B7E1C1501BB5548D00570343 /* prev_selctor.png */ = {isa = PBXFileReference; lastKnownFileType = image.png; path = prev_selctor.png; sourceTree = "<group>"; };
		B7E1C1511BB5548D00570343 /* search.png */ = {isa = PBXFileReference; lastKnownFileType = image.png; path = search.png; sourceTree = "<group>"; };
		B7E1C1521BB5548D00570343 /* songs.png */ = {isa = PBXFileReference; lastKnownFileType = image.png; path = songs.png; sourceTree = "<group>"; };
		B7E1C1531BB5548D00570343 /* songs_selector.png */ = {isa = PBXFileReference; lastKnownFileType = image.png; path = songs_selector.png; sourceTree = "<group>"; };
		B7E1C1541BB5548D00570343 /* speech_to_text.png */ = {isa = PBXFileReference; lastKnownFileType = image.png; path = speech_to_text.png; sourceTree = "<group>"; };
		B7E1C1551BB5548D00570343 /* swipe_circle.png */ = {isa = PBXFileReference; lastKnownFileType = image.png; path = swipe_circle.png; sourceTree = "<group>"; };
		B7E1C1561BB5548D00570343 /* to_send.png */ = {isa = PBXFileReference; lastKnownFileType = image.png; path = to_send.png; sourceTree = "<group>"; };
		B7E1C1571BB5548D00570343 /* user.png */ = {isa = PBXFileReference; lastKnownFileType = image.png; path = user.png; sourceTree = "<group>"; };
		B7E1C1581BB5548D00570343 /* user_selector.png */ = {isa = PBXFileReference; lastKnownFileType = image.png; path = user_selector.png; sourceTree = "<group>"; };
		B7E69A4B1BB3FA3A002BC9C3 /* MediaPlayer.h */ = {isa = PBXFileReference; fileEncoding = 4; lastKnownFileType = sourcecode.c.h; path = MediaPlayer.h; sourceTree = "<group>"; };
		B7E69A4C1BB3FA3A002BC9C3 /* MediaPlayer.m */ = {isa = PBXFileReference; fileEncoding = 4; lastKnownFileType = sourcecode.c.objc; path = MediaPlayer.m; sourceTree = "<group>"; };
/* End PBXFileReference section */

/* Begin PBXFrameworksBuildPhase section */
		B7C7D4301BB150A700131B51 /* Frameworks */ = {
			isa = PBXFrameworksBuildPhase;
			buildActionMask = 2147483647;
			files = (
				B77A3E611BC255BD00455D91 /* AVFoundation.framework in Frameworks */,
				B7C7D45D1BB150ED00131B51 /* MediaPlayer.framework in Frameworks */,
			);
			runOnlyForDeploymentPostprocessing = 0;
		};
		B7C7D4491BB150A700131B51 /* Frameworks */ = {
			isa = PBXFrameworksBuildPhase;
			buildActionMask = 2147483647;
			files = (
			);
			runOnlyForDeploymentPostprocessing = 0;
		};
/* End PBXFrameworksBuildPhase section */

/* Begin PBXGroup section */
		B76D187A1BB67EFD0037742F /* OptimizationProfiles */ = {
			isa = PBXGroup;
			children = (
				B76D187B1BB67EFD0037742F /* Music.profdata */,
			);
			path = OptimizationProfiles;
			sourceTree = "<group>";
		};
		B7C7D42A1BB150A700131B51 = {
			isa = PBXGroup;
			children = (
				B77A3E601BC255BD00455D91 /* AVFoundation.framework */,
				B7C7D45C1BB150ED00131B51 /* MediaPlayer.framework */,
				B7CAD1B51BC2B98E00A438E9 /* Songs */,
				B7E69A4A1BB3FA18002BC9C3 /* Music Player */,
				B74555D21BB3D64C00963EBA /* SongsListViewController.h */,
				B74555D31BB3D64C00963EBA /* SongsListViewController.m */,
				B7C7D4401BB150A700131B51 /* Main.storyboard */,
				B7695B1A1BB3CC4500493805 /* CustomPopUpController.h */,
				B7695B1B1BB3CC4500493805 /* CustomPopUpController.m */,
				B7695B1C1BB3CC4500493805 /* CustomPopUpController.xib */,
				B7C7D4351BB150A700131B51 /* Music */,
				B7C7D44F1BB150A700131B51 /* MusicTests */,
				B7C7D4341BB150A700131B51 /* Products */,
				B76D187A1BB67EFD0037742F /* OptimizationProfiles */,
			);
			sourceTree = "<group>";
		};
		B7C7D4341BB150A700131B51 /* Products */ = {
			isa = PBXGroup;
			children = (
				B7C7D4331BB150A700131B51 /* Music.app */,
				B7C7D44C1BB150A700131B51 /* MusicTests.xctest */,
			);
			name = Products;
			sourceTree = "<group>";
		};
		B7C7D4351BB150A700131B51 /* Music */ = {
			isa = PBXGroup;
			children = (
				B7E1C1351BB5548D00570343 /* 108 */,
				B7C7D46B1BB1748300131B51 /* Images Part 3 */,
				B7C7D4641BB15E8200131B51 /* No-artwork-albums.png */,
				B7C7D4651BB15E8200131B51 /* No-artwork-albums@2x.png */,
				B7C7D43A1BB150A700131B51 /* AppDelegate.h */,
				B7C7D43B1BB150A700131B51 /* AppDelegate.m */,
				B7C7D43D1BB150A700131B51 /* ViewController.h */,
				B7C7D43E1BB150A700131B51 /* ViewController.m */,
				B7C7D4431BB150A700131B51 /* Images.xcassets */,
				B7C7D4451BB150A700131B51 /* LaunchScreen.xib */,
				B7C7D4361BB150A700131B51 /* Supporting Files */,
				B7C7D45E1BB1563000131B51 /* SongsViewController.h */,
				B7C7D45F1BB1563000131B51 /* SongsViewController.m */,
				B7C7D4611BB15D7800131B51 /* AlbumsViewController.h */,
				B7C7D4621BB15D7800131B51 /* AlbumsViewController.m */,
				B7C7D4681BB1678000131B51 /* AlbumViewController.h */,
				B7C7D4691BB1678000131B51 /* AlbumViewController.m */,
			);
			path = Music;
			sourceTree = "<group>";
		};
		B7C7D4361BB150A700131B51 /* Supporting Files */ = {
			isa = PBXGroup;
			children = (
				B7C7D4371BB150A700131B51 /* Info.plist */,
				B7C7D4381BB150A700131B51 /* main.m */,
			);
			name = "Supporting Files";
			sourceTree = "<group>";
		};
		B7C7D44F1BB150A700131B51 /* MusicTests */ = {
			isa = PBXGroup;
			children = (
				B7C7D4521BB150A700131B51 /* MusicTests.m */,
				B7C7D4501BB150A700131B51 /* Supporting Files */,
			);
			path = MusicTests;
			sourceTree = "<group>";
		};
		B7C7D4501BB150A700131B51 /* Supporting Files */ = {
			isa = PBXGroup;
			children = (
				B7C7D4511BB150A700131B51 /* Info.plist */,
			);
			name = "Supporting Files";
			sourceTree = "<group>";
		};
		B7C7D46B1BB1748300131B51 /* Images Part 3 */ = {
			isa = PBXGroup;
			children = (
				B7C7D46C1BB1748300131B51 /* Albums-tab-bar-icon.png */,
				B7C7D46D1BB1748300131B51 /* Albums-tab-bar-icon@2x.png */,
				B7C7D46E1BB1748300131B51 /* Music-controls-background.png */,
				B7C7D46F1BB1748300131B51 /* Music-controls-background@2x.png */,
				B7C7D4701BB1748300131B51 /* Nav-bar-back-button-highlited.png */,
				B7C7D4711BB1748300131B51 /* Nav-bar-back-button-highlited@2x.png */,
				B7C7D4721BB1748300131B51 /* Nav-bar-back-button.png */,
				B7C7D4731BB1748300131B51 /* Nav-bar-back-button@2x.png */,
				B7C7D4741BB1748300131B51 /* Nav-button-highlited.png */,
				B7C7D4751BB1748300131B51 /* Nav-button-highlited@2x.png */,
				B7C7D4761BB1748300131B51 /* Nav-button.png */,
				B7C7D4771BB1748300131B51 /* Nav-button@2x.png */,
				B7C7D4781BB1748300131B51 /* Navigation-bar.png */,
				B7C7D4791BB1748300131B51 /* Navigation-bar@2x.png */,
				B7C7D47A1BB1748300131B51 /* Next-icon.png */,
				B7C7D47B1BB1748300131B51 /* Next-icon@2x.png */,
				B7C7D47C1BB1748300131B51 /* No-artwork.png */,
				B7C7D47D1BB1748300131B51 /* No-artwork@2x.png */,
				B7C7D47E1BB1748300131B51 /* Pause-icon.png */,
				B7C7D47F1BB1748300131B51 /* Pause-icon@2x.png */,
				B7C7D4801BB1748300131B51 /* Play-icon.png */,
				B7C7D4811BB1748300131B51 /* Play-icon@2x.png */,
				B7C7D4821BB1748300131B51 /* Previous-icon.png */,
				B7C7D4831BB1748300131B51 /* Previous-icon@2x.png */,
				B7C7D4841BB1748300131B51 /* Songs-tab-bar-icon.png */,
				B7C7D4851BB1748300131B51 /* Songs-tab-bar-icon@2x.png */,
				B7C7D4861BB1748300131B51 /* Tab-bar-selected.png */,
				B7C7D4871BB1748300131B51 /* Tab-bar-selected@2x.png */,
				B7C7D4881BB1748300131B51 /* Tab-bar.png */,
				B7C7D4891BB1748300131B51 /* Tab-bar@2x.png */,
				B7C7D48A1BB1748300131B51 /* Table-view-album-background.png */,
				B7C7D48B1BB1748300131B51 /* Table-view-album-background@2x.png */,
				B7C7D48C1BB1748300131B51 /* Table-view-background.png */,
				B7C7D48D1BB1748300131B51 /* Table-view-background@2x.png */,
				B7C7D48E1BB1748300131B51 /* Table-view-selected-background.png */,
				B7C7D48F1BB1748300131B51 /* Table-view-selected-background@2x.png */,
			);
			path = "Images Part 3";
			sourceTree = "<group>";
		};
		B7E1C1351BB5548D00570343 /* 108 */ = {
			isa = PBXGroup;
			children = (
				B789F3C71BBBF48600250B61 /* repeat1.png */,
				B7B9C1B61BB905DF004C95B8 /* rep.png */,
				B7B9C1B01BB9052D004C95B8 /* Stop.png */,
				B7E1C1391BB5548D00570343 /* chat_player_play.png */,
				B76D18781BB67BB70037742F /* repeat.png */,
				B7E1C1361BB5548D00570343 /* back.png */,
				B7E1C1371BB5548D00570343 /* chat_add_song.png */,
				B7E1C1381BB5548D00570343 /* chat_player_pause.png */,
				B7E1C13A1BB5548D00570343 /* edit.png */,
				B7E1C13B1BB5548D00570343 /* edit_profile_image.png */,
				B7E1C13C1BB5548D00570343 /* emotion.png */,
				B7E1C13D1BB5548D00570343 /* help.png */,
				B7E1C13E1BB5548D00570343 /* i6^cimgpsh_orig_selector.png */,
				B7E1C13F1BB5548D00570343 /* logo.png */,
				B7E1C1401BB5548D00570343 /* more.png */,
				B7E1C1411BB5548D00570343 /* more_selector.png */,
				B7E1C1421BB5548D00570343 /* next.png */,
				B7E1C1431BB5548D00570343 /* next_selector.png */,
				B7E1C1441BB5548D00570343 /* notification.png */,
				B7B9C1B41BB90578004C95B8 /* Sufffle.png */,
				B7E1C1451BB5548D00570343 /* pause.png */,
				B7E1C1461BB5548D00570343 /* play.png */,
				B7E1C1471BB5548D00570343 /* player_next.png */,
				B7E1C1481BB5548D00570343 /* player_next_selector.png */,
				B7E1C1491BB5548D00570343 /* player_pause.png */,
				B7E1C14A1BB5548D00570343 /* player_play.png */,
				B7E1C14B1BB5548D00570343 /* player_prev.png */,
				B7E1C14C1BB5548D00570343 /* player_prev_selector.png */,
				B7E1C14D1BB5548D00570343 /* playlist.png */,
				B7E1C14E1BB5548D00570343 /* playlist_selector.png */,
				B7E1C14F1BB5548D00570343 /* prev.png */,
				B7E1C1501BB5548D00570343 /* prev_selctor.png */,
				B7E1C1511BB5548D00570343 /* search.png */,
				B7E1C1521BB5548D00570343 /* songs.png */,
				B7E1C1531BB5548D00570343 /* songs_selector.png */,
				B7E1C1541BB5548D00570343 /* speech_to_text.png */,
				B7E1C1551BB5548D00570343 /* swipe_circle.png */,
				B7E1C1561BB5548D00570343 /* to_send.png */,
				B7E1C1571BB5548D00570343 /* user.png */,
				B7E1C1581BB5548D00570343 /* user_selector.png */,
			);
			path = 108;
			sourceTree = "<group>";
		};
		B7E69A4A1BB3FA18002BC9C3 /* Music Player */ = {
			isa = PBXGroup;
			children = (
				B72F27501BC7910300F67170 /* MDAudioFile.h */,
				B72F27511BC7910300F67170 /* MDAudioFile.m */,
				B7E69A4B1BB3FA3A002BC9C3 /* MediaPlayer.h */,
				B7E69A4C1BB3FA3A002BC9C3 /* MediaPlayer.m */,
			);
			name = "Music Player";
			sourceTree = "<group>";
		};
/* End PBXGroup section */

/* Begin PBXNativeTarget section */
		B7C7D4321BB150A700131B51 /* Music */ = {
			isa = PBXNativeTarget;
			buildConfigurationList = B7C7D4561BB150A700131B51 /* Build configuration list for PBXNativeTarget "Music" */;
			buildPhases = (
				B7C7D42F1BB150A700131B51 /* Sources */,
				B7C7D4301BB150A700131B51 /* Frameworks */,
				B7C7D4311BB150A700131B51 /* Resources */,
			);
			buildRules = (
			);
			dependencies = (
			);
			name = Music;
			productName = Music;
			productReference = B7C7D4331BB150A700131B51 /* Music.app */;
			productType = "com.apple.product-type.application";
		};
		B7C7D44B1BB150A700131B51 /* MusicTests */ = {
			isa = PBXNativeTarget;
			buildConfigurationList = B7C7D4591BB150A700131B51 /* Build configuration list for PBXNativeTarget "MusicTests" */;
			buildPhases = (
				B7C7D4481BB150A700131B51 /* Sources */,
				B7C7D4491BB150A700131B51 /* Frameworks */,
				B7C7D44A1BB150A700131B51 /* Resources */,
			);
			buildRules = (
			);
			dependencies = (
				B7C7D44E1BB150A700131B51 /* PBXTargetDependency */,
			);
			name = MusicTests;
			productName = MusicTests;
			productReference = B7C7D44C1BB150A700131B51 /* MusicTests.xctest */;
			productType = "com.apple.product-type.bundle.unit-test";
		};
/* End PBXNativeTarget section */

/* Begin PBXProject section */
		B7C7D42B1BB150A700131B51 /* Project object */ = {
			isa = PBXProject;
			attributes = {
				LastUpgradeCheck = 0700;
				ORGANIZATIONNAME = RAHUL;
				TargetAttributes = {
					B7C7D4321BB150A700131B51 = {
						CreatedOnToolsVersion = 6.3.2;
						SystemCapabilities = {
							com.apple.BackgroundModes = {
								enabled = 1;
							};
						};
					};
					B7C7D44B1BB150A700131B51 = {
						CreatedOnToolsVersion = 6.3.2;
						TestTargetID = B7C7D4321BB150A700131B51;
					};
				};
			};
			buildConfigurationList = B7C7D42E1BB150A700131B51 /* Build configuration list for PBXProject "Music" */;
			compatibilityVersion = "Xcode 3.2";
			developmentRegion = English;
			hasScannedForEncodings = 0;
			knownRegions = (
				en,
				Base,
			);
			mainGroup = B7C7D42A1BB150A700131B51;
			productRefGroup = B7C7D4341BB150A700131B51 /* Products */;
			projectDirPath = "";
			projectRoot = "";
			targets = (
				B7C7D4321BB150A700131B51 /* Music */,
				B7C7D44B1BB150A700131B51 /* MusicTests */,
			);
		};
/* End PBXProject section */

/* Begin PBXResourcesBuildPhase section */
		B7C7D4311BB150A700131B51 /* Resources */ = {
			isa = PBXResourcesBuildPhase;
			buildActionMask = 2147483647;
			files = (
				B7E1C1621BB5548D00570343 /* logo.png in Resources */,
				B7E1C15C1BB5548D00570343 /* chat_player_play.png in Resources */,
				B7C7D4931BB1748300131B51 /* Music-controls-background@2x.png in Resources */,
				B7C7D4A01BB1748300131B51 /* No-artwork.png in Resources */,
				B7E1C1721BB5548D00570343 /* prev.png in Resources */,
				B7C7D4A41BB1748300131B51 /* Play-icon.png in Resources */,
				B7C7D4971BB1748300131B51 /* Nav-bar-back-button@2x.png in Resources */,
				B7E1C1791BB5548D00570343 /* to_send.png in Resources */,
				B7C7D4981BB1748300131B51 /* Nav-button-highlited.png in Resources */,
				B7E1C1601BB5548D00570343 /* help.png in Resources */,
				B7C7D4901BB1748300131B51 /* Albums-tab-bar-icon.png in Resources */,
				B7C7D4A21BB1748300131B51 /* Pause-icon.png in Resources */,
				B76D18791BB67BB70037742F /* repeat.png in Resources */,
				B7E1C1771BB5548D00570343 /* speech_to_text.png in Resources */,
				B7B9C1B71BB905DF004C95B8 /* rep.png in Resources */,
				B7E1C17B1BB5548D00570343 /* user_selector.png in Resources */,
				B7C7D49B1BB1748300131B51 /* Nav-button@2x.png in Resources */,
				B7E1C1661BB5548D00570343 /* next_selector.png in Resources */,
				B7C7D49E1BB1748300131B51 /* Next-icon.png in Resources */,
				B7C7D4A81BB1748300131B51 /* Songs-tab-bar-icon.png in Resources */,
				B7E1C1641BB5548D00570343 /* more_selector.png in Resources */,
				B7E1C15F1BB5548D00570343 /* emotion.png in Resources */,
				B7E1C1751BB5548D00570343 /* songs.png in Resources */,
				B7C7D4B11BB1748300131B51 /* Table-view-background@2x.png in Resources */,
				B7695B1E1BB3CC4500493805 /* CustomPopUpController.xib in Resources */,
				B7C7D4421BB150A700131B51 /* Main.storyboard in Resources */,
				B7E1C1591BB5548D00570343 /* back.png in Resources */,
				B7C7D4A11BB1748300131B51 /* No-artwork@2x.png in Resources */,
				B7C7D4941BB1748300131B51 /* Nav-bar-back-button-highlited.png in Resources */,
				B7C7D4A91BB1748300131B51 /* Songs-tab-bar-icon@2x.png in Resources */,
				B7C7D4991BB1748300131B51 /* Nav-button-highlited@2x.png in Resources */,
				B7C7D4661BB15E8200131B51 /* No-artwork-albums.png in Resources */,
				B7E1C16F1BB5548D00570343 /* player_prev_selector.png in Resources */,
				B7C7D4911BB1748300131B51 /* Albums-tab-bar-icon@2x.png in Resources */,
				B7C7D4B01BB1748300131B51 /* Table-view-background.png in Resources */,
				B7C7D4A61BB1748300131B51 /* Previous-icon.png in Resources */,
				B7E1C1631BB5548D00570343 /* more.png in Resources */,
				B7C7D49D1BB1748300131B51 /* Navigation-bar@2x.png in Resources */,
				B7E1C1701BB5548D00570343 /* playlist.png in Resources */,
				B7E1C1711BB5548D00570343 /* playlist_selector.png in Resources */,
				B7C7D4AD1BB1748300131B51 /* Tab-bar@2x.png in Resources */,
				B7C7D4471BB150A700131B51 /* LaunchScreen.xib in Resources */,
				B7B9C1B11BB9052D004C95B8 /* Stop.png in Resources */,
				B7C7D4AE1BB1748300131B51 /* Table-view-album-background.png in Resources */,
				B7E1C16C1BB5548D00570343 /* player_pause.png in Resources */,
				B7C7D4B31BB1748300131B51 /* Table-view-selected-background@2x.png in Resources */,
				B7C7D4671BB15E8200131B51 /* No-artwork-albums@2x.png in Resources */,
				B7B9C1B51BB90578004C95B8 /* Sufffle.png in Resources */,
				B7C7D49F1BB1748300131B51 /* Next-icon@2x.png in Resources */,
				B7E1C1731BB5548D00570343 /* prev_selctor.png in Resources */,
				B7E1C1691BB5548D00570343 /* play.png in Resources */,
				B7C7D4AA1BB1748300131B51 /* Tab-bar-selected.png in Resources */,
				B7E1C1651BB5548D00570343 /* next.png in Resources */,
				B7E1C1741BB5548D00570343 /* search.png in Resources */,
				B7E1C1761BB5548D00570343 /* songs_selector.png in Resources */,
				B7E1C17A1BB5548D00570343 /* user.png in Resources */,
				B7E1C15D1BB5548D00570343 /* edit.png in Resources */,
				B7E1C15A1BB5548D00570343 /* chat_add_song.png in Resources */,
				B7E1C15E1BB5548D00570343 /* edit_profile_image.png in Resources */,
				B7E1C16E1BB5548D00570343 /* player_prev.png in Resources */,
				B7C7D4AF1BB1748300131B51 /* Table-view-album-background@2x.png in Resources */,
				B7C7D4961BB1748300131B51 /* Nav-bar-back-button.png in Resources */,
				B7C7D49C1BB1748300131B51 /* Navigation-bar.png in Resources */,
				B7C7D4A31BB1748300131B51 /* Pause-icon@2x.png in Resources */,
				B7C7D4A51BB1748300131B51 /* Play-icon@2x.png in Resources */,
				B7C7D4B21BB1748300131B51 /* Table-view-selected-background.png in Resources */,
				B7C7D4441BB150A700131B51 /* Images.xcassets in Resources */,
				B7E1C1681BB5548D00570343 /* pause.png in Resources */,
				B7C7D4951BB1748300131B51 /* Nav-bar-back-button-highlited@2x.png in Resources */,
				B7C7D4921BB1748300131B51 /* Music-controls-background.png in Resources */,
				B7C7D4AB1BB1748300131B51 /* Tab-bar-selected@2x.png in Resources */,
				B7CAD1B61BC2B98E00A438E9 /* Songs in Resources */,
				B7E1C16A1BB5548D00570343 /* player_next.png in Resources */,
				B789F3C81BBBF48600250B61 /* repeat1.png in Resources */,
				B7E1C16B1BB5548D00570343 /* player_next_selector.png in Resources */,
				B7E1C1611BB5548D00570343 /* i6^cimgpsh_orig_selector.png in Resources */,
				B7C7D49A1BB1748300131B51 /* Nav-button.png in Resources */,
				B7E1C1671BB5548D00570343 /* notification.png in Resources */,
				B7C7D4A71BB1748300131B51 /* Previous-icon@2x.png in Resources */,
				B7C7D4AC1BB1748300131B51 /* Tab-bar.png in Resources */,
				B7E1C16D1BB5548D00570343 /* player_play.png in Resources */,
				B7E1C1781BB5548D00570343 /* swipe_circle.png in Resources */,
				B7E1C15B1BB5548D00570343 /* chat_player_pause.png in Resources */,
			);
			runOnlyForDeploymentPostprocessing = 0;
		};
		B7C7D44A1BB150A700131B51 /* Resources */ = {
			isa = PBXResourcesBuildPhase;
			buildActionMask = 2147483647;
			files = (
			);
			runOnlyForDeploymentPostprocessing = 0;
		};
/* End PBXResourcesBuildPhase section */

/* Begin PBXSourcesBuildPhase section */
		B7C7D42F1BB150A700131B51 /* Sources */ = {
			isa = PBXSourcesBuildPhase;
			buildActionMask = 2147483647;
			files = (
				B7C7D43F1BB150A700131B51 /* ViewController.m in Sources */,
				B7E69A4D1BB3FA3A002BC9C3 /* MediaPlayer.m in Sources */,
				B7C7D4601BB1563000131B51 /* SongsViewController.m in Sources */,
				B72F27521BC7910300F67170 /* MDAudioFile.m in Sources */,
				B7C7D46A1BB1678000131B51 /* AlbumViewController.m in Sources */,
				B7C7D43C1BB150A700131B51 /* AppDelegate.m in Sources */,
				B7695B1D1BB3CC4500493805 /* CustomPopUpController.m in Sources */,
				B7C7D4391BB150A700131B51 /* main.m in Sources */,
				B7C7D4631BB15D7800131B51 /* AlbumsViewController.m in Sources */,
				B74555D41BB3D64C00963EBA /* SongsListViewController.m in Sources */,
			);
			runOnlyForDeploymentPostprocessing = 0;
		};
		B7C7D4481BB150A700131B51 /* Sources */ = {
			isa = PBXSourcesBuildPhase;
			buildActionMask = 2147483647;
			files = (
				B7C7D4531BB150A700131B51 /* MusicTests.m in Sources */,
			);
			runOnlyForDeploymentPostprocessing = 0;
		};
/* End PBXSourcesBuildPhase section */

/* Begin PBXTargetDependency section */
		B7C7D44E1BB150A700131B51 /* PBXTargetDependency */ = {
			isa = PBXTargetDependency;
			target = B7C7D4321BB150A700131B51 /* Music */;
			targetProxy = B7C7D44D1BB150A700131B51 /* PBXContainerItemProxy */;
		};
/* End PBXTargetDependency section */

/* Begin PBXVariantGroup section */
		B7C7D4401BB150A700131B51 /* Main.storyboard */ = {
			isa = PBXVariantGroup;
			children = (
				B7C7D4411BB150A700131B51 /* Base */,
			);
			name = Main.storyboard;
			path = Music;
			sourceTree = "<group>";
		};
		B7C7D4451BB150A700131B51 /* LaunchScreen.xib */ = {
			isa = PBXVariantGroup;
			children = (
				B7C7D4461BB150A700131B51 /* Base */,
			);
			name = LaunchScreen.xib;
			sourceTree = "<group>";
		};
/* End PBXVariantGroup section */

/* Begin XCBuildConfiguration section */
		B7C7D4541BB150A700131B51 /* Debug */ = {
			isa = XCBuildConfiguration;
			buildSettings = {
				ALWAYS_SEARCH_USER_PATHS = NO;
				CLANG_CXX_LANGUAGE_STANDARD = "gnu++0x";
				CLANG_CXX_LIBRARY = "libc++";
				CLANG_ENABLE_MODULES = YES;
				CLANG_ENABLE_OBJC_ARC = YES;
				CLANG_WARN_BOOL_CONVERSION = YES;
				CLANG_WARN_CONSTANT_CONVERSION = YES;
				CLANG_WARN_DIRECT_OBJC_ISA_USAGE = YES_ERROR;
				CLANG_WARN_EMPTY_BODY = YES;
				CLANG_WARN_ENUM_CONVERSION = YES;
				CLANG_WARN_INT_CONVERSION = YES;
				CLANG_WARN_OBJC_ROOT_CLASS = YES_ERROR;
				CLANG_WARN_UNREACHABLE_CODE = YES;
				CLANG_WARN__DUPLICATE_METHOD_MATCH = YES;
				"CODE_SIGN_IDENTITY[sdk=iphoneos*]" = "iPhone Developer";
				COPY_PHASE_STRIP = NO;
				DEBUG_INFORMATION_FORMAT = "dwarf-with-dsym";
				ENABLE_STRICT_OBJC_MSGSEND = YES;
				GCC_C_LANGUAGE_STANDARD = gnu99;
				GCC_DYNAMIC_NO_PIC = NO;
				GCC_NO_COMMON_BLOCKS = YES;
				GCC_OPTIMIZATION_LEVEL = 0;
				GCC_PREPROCESSOR_DEFINITIONS = (
					"DEBUG=1",
					"$(inherited)",
				);
				GCC_SYMBOLS_PRIVATE_EXTERN = NO;
				GCC_WARN_64_TO_32_BIT_CONVERSION = YES;
				GCC_WARN_ABOUT_RETURN_TYPE = YES_ERROR;
				GCC_WARN_UNDECLARED_SELECTOR = YES;
				GCC_WARN_UNINITIALIZED_AUTOS = YES_AGGRESSIVE;
				GCC_WARN_UNUSED_FUNCTION = YES;
				GCC_WARN_UNUSED_VARIABLE = YES;
				IPHONEOS_DEPLOYMENT_TARGET = 8.3;
				MTL_ENABLE_DEBUG_INFO = YES;
				ONLY_ACTIVE_ARCH = YES;
				SDKROOT = iphoneos;
			};
			name = Debug;
		};
		B7C7D4551BB150A700131B51 /* Release */ = {
			isa = XCBuildConfiguration;
			buildSettings = {
				ALWAYS_SEARCH_USER_PATHS = NO;
				CLANG_CXX_LANGUAGE_STANDARD = "gnu++0x";
				CLANG_CXX_LIBRARY = "libc++";
				CLANG_ENABLE_MODULES = YES;
				CLANG_ENABLE_OBJC_ARC = YES;
				CLANG_WARN_BOOL_CONVERSION = YES;
				CLANG_WARN_CONSTANT_CONVERSION = YES;
				CLANG_WARN_DIRECT_OBJC_ISA_USAGE = YES_ERROR;
				CLANG_WARN_EMPTY_BODY = YES;
				CLANG_WARN_ENUM_CONVERSION = YES;
				CLANG_WARN_INT_CONVERSION = YES;
				CLANG_WARN_OBJC_ROOT_CLASS = YES_ERROR;
				CLANG_WARN_UNREACHABLE_CODE = YES;
				CLANG_WARN__DUPLICATE_METHOD_MATCH = YES;
				"CODE_SIGN_IDENTITY[sdk=iphoneos*]" = "iPhone Developer";
				COPY_PHASE_STRIP = NO;
				DEBUG_INFORMATION_FORMAT = "dwarf-with-dsym";
				ENABLE_NS_ASSERTIONS = NO;
				ENABLE_STRICT_OBJC_MSGSEND = YES;
				GCC_C_LANGUAGE_STANDARD = gnu99;
				GCC_NO_COMMON_BLOCKS = YES;
				GCC_WARN_64_TO_32_BIT_CONVERSION = YES;
				GCC_WARN_ABOUT_RETURN_TYPE = YES_ERROR;
				GCC_WARN_UNDECLARED_SELECTOR = YES;
				GCC_WARN_UNINITIALIZED_AUTOS = YES_AGGRESSIVE;
				GCC_WARN_UNUSED_FUNCTION = YES;
				GCC_WARN_UNUSED_VARIABLE = YES;
				IPHONEOS_DEPLOYMENT_TARGET = 8.3;
				MTL_ENABLE_DEBUG_INFO = NO;
				SDKROOT = iphoneos;
				VALIDATE_PRODUCT = YES;
			};
			name = Release;
		};
		B7C7D4571BB150A700131B51 /* Debug */ = {
			isa = XCBuildConfiguration;
			buildSettings = {
				ASSETCATALOG_COMPILER_APPICON_NAME = AppIcon;
				CLANG_USE_OPTIMIZATION_PROFILE = YES;
				CODE_SIGN_IDENTITY = "iPhone Developer: Rajnikant Joshi (388ZZQ45C9)";
				"CODE_SIGN_IDENTITY[sdk=iphoneos*]" = "iPhone Developer: Rajnikant Joshi (388ZZQ45C9)";
				INFOPLIST_FILE = Music/Info.plist;
				IPHONEOS_DEPLOYMENT_TARGET = 8.0;
				LD_RUNPATH_SEARCH_PATHS = "$(inherited) @executable_path/Frameworks";
				PRODUCT_BUNDLE_IDENTIFIER = "com.9spl.$(PRODUCT_NAME:rfc1034identifier)";
				PRODUCT_NAME = "$(TARGET_NAME)";
				PROVISIONING_PROFILE = "c2d92d0b-9852-4070-8685-c3555083eed3";
			};
			name = Debug;
		};
		B7C7D4581BB150A700131B51 /* Release */ = {
			isa = XCBuildConfiguration;
			buildSettings = {
				ASSETCATALOG_COMPILER_APPICON_NAME = AppIcon;
				CLANG_USE_OPTIMIZATION_PROFILE = YES;
				CODE_SIGN_IDENTITY = "iPhone Developer: Rajnikant Joshi (388ZZQ45C9)";
				"CODE_SIGN_IDENTITY[sdk=iphoneos*]" = "iPhone Developer: Rajnikant Joshi (388ZZQ45C9)";
				INFOPLIST_FILE = Music/Info.plist;
				IPHONEOS_DEPLOYMENT_TARGET = 8.0;
				LD_RUNPATH_SEARCH_PATHS = "$(inherited) @executable_path/Frameworks";
				PRODUCT_BUNDLE_IDENTIFIER = "com.9spl.$(PRODUCT_NAME:rfc1034identifier)";
				PRODUCT_NAME = "$(TARGET_NAME)";
				PROVISIONING_PROFILE = "c2d92d0b-9852-4070-8685-c3555083eed3";
			};
			name = Release;
		};
		B7C7D45A1BB150A700131B51 /* Debug */ = {
			isa = XCBuildConfiguration;
			buildSettings = {
				BUNDLE_LOADER = "$(TEST_HOST)";
				FRAMEWORK_SEARCH_PATHS = (
					"$(SDKROOT)/Developer/Library/Frameworks",
					"$(inherited)",
				);
				GCC_PREPROCESSOR_DEFINITIONS = (
					"DEBUG=1",
					"$(inherited)",
				);
				INFOPLIST_FILE = MusicTests/Info.plist;
				LD_RUNPATH_SEARCH_PATHS = "$(inherited) @executable_path/Frameworks @loader_path/Frameworks";
				PRODUCT_NAME = "$(TARGET_NAME)";
				TEST_HOST = "$(BUILT_PRODUCTS_DIR)/Music.app/Music";
			};
			name = Debug;
		};
		B7C7D45B1BB150A700131B51 /* Release */ = {
			isa = XCBuildConfiguration;
			buildSettings = {
				BUNDLE_LOADER = "$(TEST_HOST)";
				FRAMEWORK_SEARCH_PATHS = (
					"$(SDKROOT)/Developer/Library/Frameworks",
					"$(inherited)",
				);
				INFOPLIST_FILE = MusicTests/Info.plist;
				LD_RUNPATH_SEARCH_PATHS = "$(inherited) @executable_path/Frameworks @loader_path/Frameworks";
				PRODUCT_NAME = "$(TARGET_NAME)";
				TEST_HOST = "$(BUILT_PRODUCTS_DIR)/Music.app/Music";
			};
			name = Release;
		};
/* End XCBuildConfiguration section */

/* Begin XCConfigurationList section */
		B7C7D42E1BB150A700131B51 /* Build configuration list for PBXProject "Music" */ = {
			isa = XCConfigurationList;
			buildConfigurations = (
				B7C7D4541BB150A700131B51 /* Debug */,
				B7C7D4551BB150A700131B51 /* Release */,
			);
			defaultConfigurationIsVisible = 0;
			defaultConfigurationName = Release;
		};
		B7C7D4561BB150A700131B51 /* Build configuration list for PBXNativeTarget "Music" */ = {
			isa = XCConfigurationList;
			buildConfigurations = (
				B7C7D4571BB150A700131B51 /* Debug */,
				B7C7D4581BB150A700131B51 /* Release */,
			);
			defaultConfigurationIsVisible = 0;
			defaultConfigurationName = Release;
		};
		B7C7D4591BB150A700131B51 /* Build configuration list for PBXNativeTarget "MusicTests" */ = {
			isa = XCConfigurationList;
			buildConfigurations = (
				B7C7D45A1BB150A700131B51 /* Debug */,
				B7C7D45B1BB150A700131B51 /* Release */,
			);
			defaultConfigurationIsVisible = 0;
			defaultConfigurationName = Release;
		};
/* End XCConfigurationList section */
	};
	rootObject = B7C7D42B1BB150A700131B51 /* Project object */;
}
